
Microsoft Visual Studio Solution File, Format Version 12.00
# Visual Studio 14
VisualStudioVersion = 14.0.24720.0
MinimumVisualStudioVersion = 10.0.40219.1
Project("{FAE04EC0-301F-11D3-BF4B-00C04F79EFBC}") = "ListAssist", "ListAssist\ListAssist.csproj", "{01404EF7-086A-4A97-A94C-62FE05735A97}"
EndProject
Project("{FAE04EC0-301F-11D3-BF4B-00C04F79EFBC}") = "ListAssist.Tests", "ListAssist.Tests\ListAssist.Tests.csproj", "{5B00E33B-A2F1-480F-B04E-201664E16A71}"
EndProject
Project("{FAE04EC0-301F-11D3-BF4B-00C04F79EFBC}") = "ListAssist.WebAPI", "ListAssist.WebAPI\ListAssist.WebAPI.csproj", "{516C352B-72FA-4308-ADEB-9299CE55BF82}"
EndProject
Project("{FAE04EC0-301F-11D3-BF4B-00C04F79EFBC}") = "ListAssist.WebAPI.Tests", "ListAssist.WebAPI.Tests\ListAssist.WebAPI.Tests.csproj", "{CCE4B953-1FF6-4FC8-9464-29082054DED4}"
EndProject
Project("{FAE04EC0-301F-11D3-BF4B-00C04F79EFBC}") = "ListAssist.Data", "ListAssist.Data\ListAssist.Data.csproj", "{E655C54C-D2CC-47A0-8112-B7CBAE6C3DB7}"
EndProject
Project("{FAE04EC0-301F-11D3-BF4B-00C04F79EFBC}") = "ListAssist.Data.Tests", "ListAssist.Data.Tests\ListAssist.Data.Tests.csproj", "{48784DE0-76F8-4AA2-B25C-0E24E2811899}"
EndProject
Global
	GlobalSection(SolutionConfigurationPlatforms) = preSolution
		Debug|Any CPU = Debug|Any CPU
		Release|Any CPU = Release|Any CPU
	EndGlobalSection
	GlobalSection(ProjectConfigurationPlatforms) = postSolution
		{01404EF7-086A-4A97-A94C-62FE05735A97}.Debug|Any CPU.ActiveCfg = Debug|Any CPU
		{01404EF7-086A-4A97-A94C-62FE05735A97}.Debug|Any CPU.Build.0 = Debug|Any CPU
		{01404EF7-086A-4A97-A94C-62FE05735A97}.Release|Any CPU.ActiveCfg = Release|Any CPU
		{01404EF7-086A-4A97-A94C-62FE05735A97}.Release|Any CPU.Build.0 = Release|Any CPU
		{5B00E33B-A2F1-480F-B04E-201664E16A71}.Debug|Any CPU.ActiveCfg = Debug|Any CPU
		{5B00E33B-A2F1-480F-B04E-201664E16A71}.Debug|Any CPU.Build.0 = Debug|Any CPU
		{5B00E33B-A2F1-480F-B04E-201664E16A71}.Release|Any CPU.ActiveCfg = Release|Any CPU
		{5B00E33B-A2F1-480F-B04E-201664E16A71}.Release|Any CPU.Build.0 = Release|Any CPU
		{516C352B-72FA-4308-ADEB-9299CE55BF82}.Debug|Any CPU.ActiveCfg = Debug|Any CPU
		{516C352B-72FA-4308-ADEB-9299CE55BF82}.Debug|Any CPU.Build.0 = Debug|Any CPU
		{516C352B-72FA-4308-ADEB-9299CE55BF82}.Release|Any CPU.ActiveCfg = Release|Any CPU
		{516C352B-72FA-4308-ADEB-9299CE55BF82}.Release|Any CPU.Build.0 = Release|Any CPU
		{CCE4B953-1FF6-4FC8-9464-29082054DED4}.Debug|Any CPU.ActiveCfg = Debug|Any CPU
		{CCE4B953-1FF6-4FC8-9464-29082054DED4}.Debug|Any CPU.Build.0 = Debug|Any CPU
		{CCE4B953-1FF6-4FC8-9464-29082054DED4}.Release|Any CPU.ActiveCfg = Release|Any CPU
		{CCE4B953-1FF6-4FC8-9464-29082054DED4}.Release|Any CPU.Build.0 = Release|Any CPU
		{E655C54C-D2CC-47A0-8112-B7CBAE6C3DB7}.Debug|Any CPU.ActiveCfg = Debug|Any CPU
		{E655C54C-D2CC-47A0-8112-B7CBAE6C3DB7}.Debug|Any CPU.Build.0 = Debug|Any CPU
		{E655C54C-D2CC-47A0-8112-B7CBAE6C3DB7}.Release|Any CPU.ActiveCfg = Release|Any CPU
		{E655C54C-D2CC-47A0-8112-B7CBAE6C3DB7}.Release|Any CPU.Build.0 = Release|Any CPU
		{48784DE0-76F8-4AA2-B25C-0E24E2811899}.Debug|Any CPU.ActiveCfg = Debug|Any CPU
		{48784DE0-76F8-4AA2-B25C-0E24E2811899}.Debug|Any CPU.Build.0 = Debug|Any CPU
		{48784DE0-76F8-4AA2-B25C-0E24E2811899}.Release|Any CPU.ActiveCfg = Release|Any CPU
		{48784DE0-76F8-4AA2-B25C-0E24E2811899}.Release|Any CPU.Build.0 = Release|Any CPU
	EndGlobalSection
	GlobalSection(SolutionProperties) = preSolution
		HideSolutionNode = FALSE
	EndGlobalSection
EndGlobal
